// !$*UTF8*$!
{
	archiveVersion = 1;
	classes = {
	};
	objectVersion = 46;
	objects = {

/* Begin PBXBuildFile section */
		D9A5FAE01A31B2A4002FAA64 /* AppDelegate.swift in Sources */ = {isa = PBXBuildFile; fileRef = D9A5FADF1A31B2A4002FAA64 /* AppDelegate.swift */; };
		D9A5FAE21A31B2A4002FAA64 /* ViewController.swift in Sources */ = {isa = PBXBuildFile; fileRef = D9A5FAE11A31B2A4002FAA64 /* ViewController.swift */; };
		D9A5FAE51A31B2A4002FAA64 /* Main.storyboard in Resources */ = {isa = PBXBuildFile; fileRef = D9A5FAE31A31B2A4002FAA64 /* Main.storyboard */; };
		D9A5FAE71A31B2A4002FAA64 /* Images.xcassets in Resources */ = {isa = PBXBuildFile; fileRef = D9A5FAE61A31B2A4002FAA64 /* Images.xcassets */; };
		D9A5FAEA1A31B2A4002FAA64 /* LaunchScreen.xib in Resources */ = {isa = PBXBuildFile; fileRef = D9A5FAE81A31B2A4002FAA64 /* LaunchScreen.xib */; };
		D9A5FAF61A31B2A4002FAA64 /* BeaconToolTests.swift in Sources */ = {isa = PBXBuildFile; fileRef = D9A5FAF51A31B2A4002FAA64 /* BeaconToolTests.swift */; };
/* End PBXBuildFile section */

/* Begin PBXContainerItemProxy section */
		D9A5FAF01A31B2A4002FAA64 /* PBXContainerItemProxy */ = {
			isa = PBXContainerItemProxy;
			containerPortal = D9A5FAD21A31B2A4002FAA64 /* Project object */;
			proxyType = 1;
			remoteGlobalIDString = D9A5FAD91A31B2A4002FAA64;
			remoteInfo = BeaconTool;
		};
/* End PBXContainerItemProxy section */

/* Begin PBXFileReference section */
		D9A5FADA1A31B2A4002FAA64 /* BeaconTool.app */ = {isa = PBXFileReference; explicitFileType = wrapper.application; includeInIndex = 0; path = BeaconTool.app; sourceTree = BUILT_PRODUCTS_DIR; };
		D9A5FADE1A31B2A4002FAA64 /* Info.plist */ = {isa = PBXFileReference; lastKnownFileType = text.plist.xml; path = Info.plist; sourceTree = "<group>"; };
		D9A5FADF1A31B2A4002FAA64 /* AppDelegate.swift */ = {isa = PBXFileReference; lastKnownFileType = sourcecode.swift; path = AppDelegate.swift; sourceTree = "<group>"; };
		D9A5FAE11A31B2A4002FAA64 /* ViewController.swift */ = {isa = PBXFileReference; lastKnownFileType = sourcecode.swift; path = ViewController.swift; sourceTree = "<group>"; };
		D9A5FAE41A31B2A4002FAA64 /* Base */ = {isa = PBXFileReference; lastKnownFileType = file.storyboard; name = Base; path = Base.lproj/Main.storyboard; sourceTree = "<group>"; };
		D9A5FAE61A31B2A4002FAA64 /* Images.xcassets */ = {isa = PBXFileReference; lastKnownFileType = folder.assetcatalog; path = Images.xcassets; sourceTree = "<group>"; };
		D9A5FAE91A31B2A4002FAA64 /* Base */ = {isa = PBXFileReference; lastKnownFileType = file.xib; name = Base; path = Base.lproj/LaunchScreen.xib; sourceTree = "<group>"; };
		D9A5FAEF1A31B2A4002FAA64 /* BeaconToolTests.xctest */ = {isa = PBXFileReference; explicitFileType = wrapper.cfbundle; includeInIndex = 0; path = BeaconToolTests.xctest; sourceTree = BUILT_PRODUCTS_DIR; };
		D9A5FAF41A31B2A4002FAA64 /* Info.plist */ = {isa = PBXFileReference; lastKnownFileType = text.plist.xml; path = Info.plist; sourceTree = "<group>"; };
		D9A5FAF51A31B2A4002FAA64 /* BeaconToolTests.swift */ = {isa = PBXFileReference; lastKnownFileType = sourcecode.swift; path = BeaconToolTests.swift; sourceTree = "<group>"; };
/* End PBXFileReference section */

/* Begin PBXFrameworksBuildPhase section */
		D9A5FAD71A31B2A4002FAA64 /* Frameworks */ = {
			isa = PBXFrameworksBuildPhase;
			buildActionMask = 2147483647;
			files = (
			);
			runOnlyForDeploymentPostprocessing = 0;
		};
		D9A5FAEC1A31B2A4002FAA64 /* Frameworks */ = {
			isa = PBXFrameworksBuildPhase;
			buildActionMask = 2147483647;
			files = (
			);
			runOnlyForDeploymentPostprocessing = 0;
		};
/* End PBXFrameworksBuildPhase section */

/* Begin PBXGroup section */
		D9A5FAD11A31B2A4002FAA64 = {
			isa = PBXGroup;
			children = (
				D9A5FADC1A31B2A4002FAA64 /* BeaconTool */,
				D9A5FAF21A31B2A4002FAA64 /* BeaconToolTests */,
				D9A5FADB1A31B2A4002FAA64 /* Products */,
			);
			sourceTree = "<group>";
		};
		D9A5FADB1A31B2A4002FAA64 /* Products */ = {
			isa = PBXGroup;
			children = (
				D9A5FADA1A31B2A4002FAA64 /* BeaconTool.app */,
				D9A5FAEF1A31B2A4002FAA64 /* BeaconToolTests.xctest */,
			);
			name = Products;
			sourceTree = "<group>";
		};
		D9A5FADC1A31B2A4002FAA64 /* BeaconTool */ = {
			isa = PBXGroup;
			children = (
				D9A5FADF1A31B2A4002FAA64 /* AppDelegate.swift */,
				D9A5FAE11A31B2A4002FAA64 /* ViewController.swift */,
				D9A5FAE31A31B2A4002FAA64 /* Main.storyboard */,
				D9A5FAE61A31B2A4002FAA64 /* Images.xcassets */,
				D9A5FAE81A31B2A4002FAA64 /* LaunchScreen.xib */,
				D9A5FADD1A31B2A4002FAA64 /* Supporting Files */,
			);
			path = BeaconTool;
			sourceTree = "<group>";
		};
		D9A5FADD1A31B2A4002FAA64 /* Supporting Files */ = {
			isa = PBXGroup;
			children = (
				D9A5FADE1A31B2A4002FAA64 /* Info.plist */,
			);
			name = "Supporting Files";
			sourceTree = "<group>";
		};
		D9A5FAF21A31B2A4002FAA64 /* BeaconToolTests */ = {
			isa = PBXGroup;
			children = (
				D9A5FAF51A31B2A4002FAA64 /* BeaconToolTests.swift */,
				D9A5FAF31A31B2A4002FAA64 /* Supporting Files */,
			);
			path = BeaconToolTests;
			sourceTree = "<group>";
		};
		D9A5FAF31A31B2A4002FAA64 /* Supporting Files */ = {
			isa = PBXGroup;
			children = (
				D9A5FAF41A31B2A4002FAA64 /* Info.plist */,
			);
			name = "Supporting Files";
			sourceTree = "<group>";
		};
/* End PBXGroup section */

/* Begin PBXNativeTarget section */
		D9A5FAD91A31B2A4002FAA64 /* BeaconTool */ = {
			isa = PBXNativeTarget;
			buildConfigurationList = D9A5FAF91A31B2A4002FAA64 /* Build configuration list for PBXNativeTarget "BeaconTool" */;
			buildPhases = (
				D9A5FAD61A31B2A4002FAA64 /* Sources */,
				D9A5FAD71A31B2A4002FAA64 /* Frameworks */,
				D9A5FAD81A31B2A4002FAA64 /* Resources */,
			);
			buildRules = (
			);
			dependencies = (
			);
			name = BeaconTool;
			productName = BeaconTool;
			productReference = D9A5FADA1A31B2A4002FAA64 /* BeaconTool.app */;
			productType = "com.apple.product-type.application";
		};
		D9A5FAEE1A31B2A4002FAA64 /* BeaconToolTests */ = {
			isa = PBXNativeTarget;
			buildConfigurationList = D9A5FAFC1A31B2A4002FAA64 /* Build configuration list for PBXNativeTarget "BeaconToolTests" */;
			buildPhases = (
				D9A5FAEB1A31B2A4002FAA64 /* Sources */,
				D9A5FAEC1A31B2A4002FAA64 /* Frameworks */,
				D9A5FAED1A31B2A4002FAA64 /* Resources */,
			);
			buildRules = (
			);
			dependencies = (
				D9A5FAF11A31B2A4002FAA64 /* PBXTargetDependency */,
			);
			name = BeaconToolTests;
			productName = BeaconToolTests;
			productReference = D9A5FAEF1A31B2A4002FAA64 /* BeaconToolTests.xctest */;
			productType = "com.apple.product-type.bundle.unit-test";
		};
/* End PBXNativeTarget section */

/* Begin PBXProject section */
		D9A5FAD21A31B2A4002FAA64 /* Project object */ = {
			isa = PBXProject;
			attributes = {
				LastUpgradeCheck = 0610;
				ORGANIZATIONNAME = YunTop;
				TargetAttributes = {
					D9A5FAD91A31B2A4002FAA64 = {
						CreatedOnToolsVersion = 6.1.1;
					};
					D9A5FAEE1A31B2A4002FAA64 = {
						CreatedOnToolsVersion = 6.1.1;
						TestTargetID = D9A5FAD91A31B2A4002FAA64;
					};
				};
			};
			buildConfigurationList = D9A5FAD51A31B2A4002FAA64 /* Build configuration list for PBXProject "BeaconTool" */;
			compatibilityVersion = "Xcode 3.2";
			developmentRegion = English;
			hasScannedForEncodings = 0;
			knownRegions = (
				en,
				Base,
			);
			mainGroup = D9A5FAD11A31B2A4002FAA64;
			productRefGroup = D9A5FADB1A31B2A4002FAA64 /* Products */;
			projectDirPath = "";
			projectRoot = "";
			targets = (
				D9A5FAD91A31B2A4002FAA64 /* BeaconTool */,
				D9A5FAEE1A31B2A4002FAA64 /* BeaconToolTests */,
			);
		};
/* End PBXProject section */

/* Begin PBXResourcesBuildPhase section */
		D9A5FAD81A31B2A4002FAA64 /* Resources */ = {
			isa = PBXResourcesBuildPhase;
			buildActionMask = 2147483647;
			files = (
				D9A5FAE51A31B2A4002FAA64 /* Main.storyboard in Resources */,
				D9A5FAEA1A31B2A4002FAA64 /* LaunchScreen.xib in Resources */,
				D9A5FAE71A31B2A4002FAA64 /* Images.xcassets in Resources */,
			);
			runOnlyForDeploymentPostprocessing = 0;
		};
		D9A5FAED1A31B2A4002FAA64 /* Resources */ = {
			isa = PBXResourcesBuildPhase;
			buildActionMask = 2147483647;
			files = (
			);
			runOnlyForDeploymentPostprocessing = 0;
		};
/* End PBXResourcesBuildPhase section */

/* Begin PBXSourcesBuildPhase section */
		D9A5FAD61A31B2A4002FAA64 /* Sources */ = {
			isa = PBXSourcesBuildPhase;
			buildActionMask = 2147483647;
			files = (
				D9A5FAE21A31B2A4002FAA64 /* ViewController.swift in Sources */,
				D9A5FAE01A31B2A4002FAA64 /* AppDelegate.swift in Sources */,
			);
			runOnlyForDeploymentPostprocessing = 0;
		};
		D9A5FAEB1A31B2A4002FAA64 /* Sources */ = {
			isa = PBXSourcesBuildPhase;
			buildActionMask = 2147483647;
			files = (
				D9A5FAF61A31B2A4002FAA64 /* BeaconToolTests.swift in Sources */,
			);
			runOnlyForDeploymentPostprocessing = 0;
		};
/* End PBXSourcesBuildPhase section */

/* Begin PBXTargetDependency section */
		D9A5FAF11A31B2A4002FAA64 /* PBXTargetDependency */ = {
			isa = PBXTargetDependency;
			target = D9A5FAD91A31B2A4002FAA64 /* BeaconTool */;
			targetProxy = D9A5FAF01A31B2A4002FAA64 /* PBXContainerItemProxy */;
		};
/* End PBXTargetDependency section */

/* Begin PBXVariantGroup section */
		D9A5FAE31A31B2A4002FAA64 /* Main.storyboard */ = {
			isa = PBXVariantGroup;
			children = (
				D9A5FAE41A31B2A4002FAA64 /* Base */,
			);
			name = Main.storyboard;
			sourceTree = "<group>";
		};
		D9A5FAE81A31B2A4002FAA64 /* LaunchScreen.xib */ = {
			isa = PBXVariantGroup;
			children = (
				D9A5FAE91A31B2A4002FAA64 /* Base */,
			);
			name = LaunchScreen.xib;
			sourceTree = "<group>";
		};
/* End PBXVariantGroup section */

/* Begin XCBuildConfiguration section */
		D9A5FAF71A31B2A4002FAA64 /* Debug */ = {
			isa = XCBuildConfiguration;
			buildSettings = {
				ALWAYS_SEARCH_USER_PATHS = NO;
				CLANG_CXX_LANGUAGE_STANDARD = "gnu++0x";
				CLANG_CXX_LIBRARY = "libc++";
				CLANG_ENABLE_MODULES = YES;
				CLANG_ENABLE_OBJC_ARC = YES;
				CLANG_WARN_BOOL_CONVERSION = YES;
				CLANG_WARN_CONSTANT_CONVERSION = YES;
				CLANG_WARN_DIRECT_OBJC_ISA_USAGE = YES_ERROR;
				CLANG_WARN_EMPTY_BODY = YES;
				CLANG_WARN_ENUM_CONVERSION = YES;
				CLANG_WARN_INT_CONVERSION = YES;
				CLANG_WARN_OBJC_ROOT_CLASS = YES_ERROR;
				CLANG_WARN_UNREACHABLE_CODE = YES;
				CLANG_WARN__DUPLICATE_METHOD_MATCH = YES;
				"CODE_SIGN_IDENTITY[sdk=iphoneos*]" = "iPhone Developer";
				COPY_PHASE_STRIP = NO;
				ENABLE_STRICT_OBJC_MSGSEND = YES;
				GCC_C_LANGUAGE_STANDARD = gnu99;
				GCC_DYNAMIC_NO_PIC = NO;
				GCC_OPTIMIZATION_LEVEL = 0;
				GCC_PREPROCESSOR_DEFINITIONS = (
					"DEBUG=1",
					"$(inherited)",
				);
				GCC_SYMBOLS_PRIVATE_EXTERN = NO;
				GCC_WARN_64_TO_32_BIT_CONVERSION = YES;
				GCC_WARN_ABOUT_RETURN_TYPE = YES_ERROR;
				GCC_WARN_UNDECLARED_SELECTOR = YES;
				GCC_WARN_UNINITIALIZED_AUTOS = YES_AGGRESSIVE;
				GCC_WARN_UNUSED_FUNCTION = YES;
				GCC_WARN_UNUSED_VARIABLE = YES;
				IPHONEOS_DEPLOYMENT_TARGET = 8.1;
				MTL_ENABLE_DEBUG_INFO = YES;
				ONLY_ACTIVE_ARCH = YES;
				SDKROOT = iphoneos;
				SWIFT_OPTIMIZATION_LEVEL = "-Onone";
			};
			name = Debug;
		};
		D9A5FAF81A31B2A4002FAA64 /* Release */ = {
			isa = XCBuildConfiguration;
			buildSettings = {
				ALWAYS_SEARCH_USER_PATHS = NO;
				CLANG_CXX_LANGUAGE_STANDARD = "gnu++0x";
				CLANG_CXX_LIBRARY = "libc++";
				CLANG_ENABLE_MODULES = YES;
				CLANG_ENABLE_OBJC_ARC = YES;
				CLANG_WARN_BOOL_CONVERSION = YES;
				CLANG_WARN_CONSTANT_CONVERSION = YES;
				CLANG_WARN_DIRECT_OBJC_ISA_USAGE = YES_ERROR;
				CLANG_WARN_EMPTY_BODY = YES;
				CLANG_WARN_ENUM_CONVERSION = YES;
				CLANG_WARN_INT_CONVERSION = YES;
				CLANG_WARN_OBJC_ROOT_CLASS = YES_ERROR;
				CLANG_WARN_UNREACHABLE_CODE = YES;
				CLANG_WARN__DUPLICATE_METHOD_MATCH = YES;
				"CODE_SIGN_IDENTITY[sdk=iphoneos*]" = "iPhone Developer";
				COPY_PHASE_STRIP = YES;
				ENABLE_NS_ASSERTIONS = NO;
				ENABLE_STRICT_OBJC_MSGSEND = YES;
				GCC_C_LANGUAGE_STANDARD = gnu99;
				GCC_WARN_64_TO_32_BIT_CONVERSION = YES;
				GCC_WARN_ABOUT_RETURN_TYPE = YES_ERROR;
				GCC_WARN_UNDECLARED_SELECTOR = YES;
				GCC_WARN_UNINITIALIZED_AUTOS = YES_AGGRESSIVE;
				GCC_WARN_UNUSED_FUNCTION = YES;
				GCC_WARN_UNUSED_VARIABLE = YES;
				IPHONEOS_DEPLOYMENT_TARGET = 8.1;
				MTL_ENABLE_DEBUG_INFO = NO;
				SDKROOT = iphoneos;
				VALIDATE_PRODUCT = YES;
			};
			name = Release;
		};
		D9A5FAFA1A31B2A4002FAA64 /* Debug */ = {
			isa = XCBuildConfiguration;
			buildSettings = {
				ASSETCATALOG_COMPILER_APPICON_NAME = AppIcon;
				INFOPLIST_FILE = BeaconTool/Info.plist;
				LD_RUNPATH_SEARCH_PATHS = "$(inherited) @executable_path/Frameworks";
				PRODUCT_NAME = "$(TARGET_NAME)";
			};
			name = Debug;
		};
		D9A5FAFB1A31B2A4002FAA64 /* Release */ = {
			isa = XCBuildConfiguration;
			buildSettings = {
				ASSETCATALOG_COMPILER_APPICON_NAME = AppIcon;
				INFOPLIST_FILE = BeaconTool/Info.plist;
				LD_RUNPATH_SEARCH_PATHS = "$(inherited) @executable_path/Frameworks";
				PRODUCT_NAME = "$(TARGET_NAME)";
			};
			name = Release;
		};
		D9A5FAFD1A31B2A4002FAA64 /* Debug */ = {
			isa = XCBuildConfiguration;
			buildSettings = {
				BUNDLE_LOADER = "$(TEST_HOST)";
				FRAMEWORK_SEARCH_PATHS = (
					"$(SDKROOT)/Developer/Library/Frameworks",
					"$(inherited)",
				);
				GCC_PREPROCESSOR_DEFINITIONS = (
					"DEBUG=1",
					"$(inherited)",
				);
				INFOPLIST_FILE = BeaconToolTests/Info.plist;
				LD_RUNPATH_SEARCH_PATHS = "$(inherited) @executable_path/Frameworks @loader_path/Frameworks";
				PRODUCT_NAME = "$(TARGET_NAME)";
				TEST_HOST = "$(BUILT_PRODUCTS_DIR)/BeaconTool.app/BeaconTool";
			};
			name = Debug;
		};
		D9A5FAFE1A31B2A4002FAA64 /* Release */ = {
			isa = XCBuildConfiguration;
			buildSettings = {
				BUNDLE_LOADER = "$(TEST_HOST)";
				FRAMEWORK_SEARCH_PATHS = (
					"$(SDKROOT)/Developer/Library/Frameworks",
					"$(inherited)",
				);
				INFOPLIST_FILE = BeaconToolTests/Info.plist;
				LD_RUNPATH_SEARCH_PATHS = "$(inherited) @executable_path/Frameworks @loader_path/Frameworks";
				PRODUCT_NAME = "$(TARGET_NAME)";
				TEST_HOST = "$(BUILT_PRODUCTS_DIR)/BeaconTool.app/BeaconTool";
			};
			name = Release;
		};
/* End XCBuildConfiguration section */

/* Begin XCConfigurationList section */
		D9A5FAD51A31B2A4002FAA64 /* Build configuration list for PBXProject "BeaconTool" */ = {
			isa = XCConfigurationList;
			buildConfigurations = (
				D9A5FAF71A31B2A4002FAA64 /* Debug */,
				D9A5FAF81A31B2A4002FAA64 /* Release */,
			);
			defaultConfigurationIsVisible = 0;
			defaultConfigurationName = Release;
		};
		D9A5FAF91A31B2A4002FAA64 /* Build configuration list for PBXNativeTarget "BeaconTool" */ = {
			isa = XCConfigurationList;
			buildConfigurations = (
				D9A5FAFA1A31B2A4002FAA64 /* Debug */,
				D9A5FAFB1A31B2A4002FAA64 /* Release */,
			);
			defaultConfigurationIsVisible = 0;
		};
		D9A5FAFC1A31B2A4002FAA64 /* Build configuration list for PBXNativeTarget "BeaconToolTests" */ = {
			isa = XCConfigurationList;
			buildConfigurations = (
				D9A5FAFD1A31B2A4002FAA64 /* Debug */,
				D9A5FAFE1A31B2A4002FAA64 /* Release */,
			);
			defaultConfigurationIsVisible = 0;
		};
/* End XCConfigurationList section */
	};
	rootObject = D9A5FAD21A31B2A4002FAA64 /* Project object */;
}
